<?xml version="1.0" encoding="utf-8"?>
<Project ToolsVersion="4.0" xmlns="http://schemas.microsoft.com/developer/msbuild/2003">
  <ItemGroup>
    <Filter Include="Source Files">
      <UniqueIdentifier>{4FC737F1-C7A5-4376-A066-2A32D752A2FF}</UniqueIdentifier>
      <Extensions>cpp;c;cc;cxx;def;odl;idl;hpj;bat;asm;asmx</Extensions>
    </Filter>
    <Filter Include="Header Files">
      <UniqueIdentifier>{93995380-89BD-4b04-88EB-625FBE52EBFB}</UniqueIdentifier>
      <Extensions>h;hh;hpp;hxx;hm;inl;inc;xsd</Extensions>
    </Filter>
    <Filter Include="Resource Files">
      <UniqueIdentifier>{67DA6AB6-F800-4c08-8B7A-83BB121AAD01}</UniqueIdentifier>
      <Extensions>rc;ico;cur;bmp;dlg;rc2;rct;bin;rgs;gif;jpg;jpeg;jpe;resx;tiff;tif;png;wav;mfcribbon-ms</Extensions>
    </Filter>
    <Filter Include="Header Files\Graphics">
      <UniqueIdentifier>{64b0c3ca-c26a-4551-a396-58f023bd5b55}</UniqueIdentifier>
    </Filter>
    <Filter Include="Source Files\Graphics">
      <UniqueIdentifier>{d17458af-be1e-4425-bd7a-a219a64ef78e}</UniqueIdentifier>
    </Filter>
    <Filter Include="Header Files\Graphics\Dispatchable Handles">
      <UniqueIdentifier>{a5f63a04-37c9-46d4-8739-0d1296e07dbe}</UniqueIdentifier>
    </Filter>
    <Filter Include="Header Files\Graphics\Objects">
      <UniqueIdentifier>{412fe146-86e6-4555-95b5-332e904a0351}</UniqueIdentifier>
    </Filter>
    <Filter Include="Source Files\Graphics\Dispatchable Handles">
      <UniqueIdentifier>{b7a8a625-3df3-4af7-90ee-5a3a9ccd5be4}</UniqueIdentifier>
    </Filter>
    <Filter Include="Source Files\Graphics\Objects">
      <UniqueIdentifier>{4bc1e97a-bb01-4e6e-ac22-6b183e18598e}</UniqueIdentifier>
    </Filter>
    <Filter Include="Header Files\Graphics\Objects\Shaders">
      <UniqueIdentifier>{c33899bf-876e-4b4b-9cb3-2bbda1e0b1e1}</UniqueIdentifier>
    </Filter>
    <Filter Include="Source Files\Graphics\Objects\Shaders">
      <UniqueIdentifier>{d5905017-e9de-4a98-90aa-223454b54ea1}</UniqueIdentifier>
    </Filter>
    <Filter Include="Header Files\Graphics\Objects\Presentation">
      <UniqueIdentifier>{24c1602e-239d-4141-8fce-b15d15e19d34}</UniqueIdentifier>
    </Filter>
    <Filter Include="Source Files\Graphics\Objects\Presentation">
      <UniqueIdentifier>{a68f612a-be5c-4fa4-a133-42f9f8fbd0e5}</UniqueIdentifier>
    </Filter>
    <Filter Include="Header Files\Graphics\Objects\Buffers">
      <UniqueIdentifier>{bc7e4b72-af05-4bbc-b462-7cebce60a8b7}</UniqueIdentifier>
    </Filter>
    <Filter Include="Header Files\Graphics\Objects\Buffers\CommandBuffer">
      <UniqueIdentifier>{b08830de-ee75-4d2e-83b9-52e193253ffe}</UniqueIdentifier>
    </Filter>
    <Filter Include="Source Files\Graphics\Objects\Buffers">
      <UniqueIdentifier>{bb777286-1e0a-4231-8dfb-2b1241bfa9f6}</UniqueIdentifier>
    </Filter>
    <Filter Include="Source Files\Graphics\Objects\Buffers\CommandBuffer">
      <UniqueIdentifier>{534bc7df-7aad-4e7d-8907-0f1b25035e1f}</UniqueIdentifier>
    </Filter>
    <Filter Include="Header Files\Graphics\Objects\Geometry">
      <UniqueIdentifier>{6561e7f9-2f1d-4bee-b2db-b3eead30bf0b}</UniqueIdentifier>
    </Filter>
    <Filter Include="Source Files\Graphics\Objects\Geometry">
      <UniqueIdentifier>{749c12f4-b924-4f4d-8f6e-8b611bdd73c6}</UniqueIdentifier>
    </Filter>
    <Filter Include="Header Files\Graphics\Objects\RenderPass">
      <UniqueIdentifier>{f19ee9e2-ab8c-4b36-9861-6997c5039df7}</UniqueIdentifier>
    </Filter>
    <Filter Include="Source Files\Graphics\Objects\RenderPass">
      <UniqueIdentifier>{5b169181-8451-4836-9fd8-486d8d4aeb9e}</UniqueIdentifier>
    </Filter>
    <Filter Include="Source Files\Graphics\Objects\Images">
      <UniqueIdentifier>{458ef351-a0f5-47f7-beea-886cda561bb8}</UniqueIdentifier>
    </Filter>
    <Filter Include="Source Files\Graphics\Objects\Images\FrameBuffer">
      <UniqueIdentifier>{5c60b489-e248-414b-98b2-120541086c73}</UniqueIdentifier>
    </Filter>
    <Filter Include="Header Files\Graphics\Objects\Images">
      <UniqueIdentifier>{8d707b88-8cf9-4231-bade-e6cea18c7005}</UniqueIdentifier>
    </Filter>
    <Filter Include="Header Files\Graphics\Objects\Images\FrameBuffer">
      <UniqueIdentifier>{4d378957-d9c8-4d93-937a-c3d701fc0fbc}</UniqueIdentifier>
    </Filter>
    <Filter Include="Header Files\Input">
      <UniqueIdentifier>{56a546b7-8f1f-485c-a717-8e7ce743378a}</UniqueIdentifier>
    </Filter>
    <Filter Include="Source Files\Input">
      <UniqueIdentifier>{f22511b1-ad6b-4866-b083-492d58a43ed8}</UniqueIdentifier>
    </Filter>
    <Filter Include="Header Files\Time">
      <UniqueIdentifier>{feb1ba5e-ec10-425f-ab18-8e9e07e97446}</UniqueIdentifier>
    </Filter>
    <Filter Include="Source Files\Time">
      <UniqueIdentifier>{d6f9d28f-9bf6-4059-9af9-0109db269bf0}</UniqueIdentifier>
    </Filter>
    <Filter Include="Source Files\Objects">
      <UniqueIdentifier>{67f754b6-27b4-4fbd-a5a2-39cdb77c3790}</UniqueIdentifier>
    </Filter>
    <Filter Include="Header Files\Objects">
      <UniqueIdentifier>{5facc182-744b-428f-aca5-db0565bebb75}</UniqueIdentifier>
    </Filter>
    <Filter Include="Resource Files\Scripts">
      <UniqueIdentifier>{4f405760-018a-4f65-b8d8-3b3692d24aa7}</UniqueIdentifier>
    </Filter>
    <Filter Include="Resource Files\Scripts\Cube">
      <UniqueIdentifier>{3259b17c-f7c7-4b60-bcf6-7ce6dd474b4b}</UniqueIdentifier>
    </Filter>
    <Filter Include="Resource Files\Scripts\Core">
      <UniqueIdentifier>{4226b02f-8e62-4f86-8442-23e58827cf48}</UniqueIdentifier>
    </Filter>
    <Filter Include="Resource Files\Scripts\Core\Physics">
      <UniqueIdentifier>{b4232ef0-4b51-4454-a828-967d9749c716}</UniqueIdentifier>
    </Filter>
    <Filter Include="Resource Files\Scripts\Core\Camera">
      <UniqueIdentifier>{4356b56b-5356-478a-8e46-afc832415d82}</UniqueIdentifier>
    </Filter>
    <Filter Include="Header Files\Graphics\Objects\Buffers\UniformBuffer">
      <UniqueIdentifier>{046d31ba-0729-4c79-9360-9eb0cf30e9be}</UniqueIdentifier>
    </Filter>
    <Filter Include="Header Files\Graphics\Objects\DescriptorPool">
      <UniqueIdentifier>{bf8e1438-1061-439e-ad61-e05ab464453c}</UniqueIdentifier>
    </Filter>
    <Filter Include="Source Files\Graphics\Objects\DescriptorPool">
      <UniqueIdentifier>{f16e32f5-4a9b-4378-a2d3-6b8346a176b6}</UniqueIdentifier>
    </Filter>
    <Filter Include="Source Files\Graphics\Objects\Buffers\UniformBuffer">
      <UniqueIdentifier>{3df98956-a74e-4318-8f65-1d3a126ca095}</UniqueIdentifier>
    </Filter>
    <Filter Include="Resource Files\Scripts\AI">
      <UniqueIdentifier>{7f76dcba-2fe7-4e94-b63c-39241ace67e5}</UniqueIdentifier>
    </Filter>
    <Filter Include="Resource Files\Scripts\Core\Rendering">
      <UniqueIdentifier>{fb808681-ab39-4fe8-bf94-9fac46bc6410}</UniqueIdentifier>
    </Filter>
    <Filter Include="Resource Files\Scripts\Core\Particles">
      <UniqueIdentifier>{5b81f30c-46ea-4c09-adfa-f3c18d44190e}</UniqueIdentifier>
    </Filter>
  </ItemGroup>
  <ItemGroup>
    <ClCompile Include="Source.cpp">
      <Filter>Source Files</Filter>
    </ClCompile>
    <ClCompile Include="Graphics.cpp">
      <Filter>Source Files\Graphics</Filter>
    </ClCompile>
    <ClCompile Include="GraphicsPhysicalDevice.cpp">
      <Filter>Source Files\Graphics\Dispatchable Handles</Filter>
    </ClCompile>
    <ClCompile Include="GraphicsInstance.cpp">
      <Filter>Source Files\Graphics\Dispatchable Handles</Filter>
    </ClCompile>
    <ClCompile Include="GraphicsLogicalDevice.cpp">
      <Filter>Source Files\Graphics\Dispatchable Handles</Filter>
    </ClCompile>
    <ClCompile Include="CommandPool.cpp">
      <Filter>Source Files\Graphics\Objects\Buffers\CommandBuffer</Filter>
    </ClCompile>
    <ClCompile Include="CommandBuffer.cpp">
      <Filter>Source Files\Graphics\Objects\Buffers\CommandBuffer</Filter>
    </ClCompile>
    <ClCompile Include="Win32Window.cpp">
      <Filter>Source Files\Graphics\Objects\Presentation</Filter>
    </ClCompile>
    <ClCompile Include="SwapChain.cpp">
      <Filter>Source Files\Graphics\Objects\Presentation</Filter>
    </ClCompile>
    <ClCompile Include="DescriptorPool.cpp">
      <Filter>Source Files\Graphics\Objects\DescriptorPool</Filter>
    </ClCompile>
    <ClCompile Include="Shader.cpp">
      <Filter>Source Files\Graphics\Objects\Shaders</Filter>
    </ClCompile>
    <ClCompile Include="Geometry.cpp">
      <Filter>Source Files\Graphics\Objects\Geometry</Filter>
    </ClCompile>
    <ClCompile Include="GPUBuffer.cpp">
      <Filter>Source Files\Graphics\Objects\Buffers</Filter>
    </ClCompile>
    <ClCompile Include="Material.cpp">
      <Filter>Source Files\Graphics\Objects\Shaders</Filter>
    </ClCompile>
    <ClCompile Include="RenderPass.cpp">
      <Filter>Source Files\Graphics\Objects\RenderPass</Filter>
    </ClCompile>
    <ClCompile Include="FrameBuffer.cpp">
      <Filter>Source Files\Graphics\Objects\Images\FrameBuffer</Filter>
    </ClCompile>
    <ClCompile Include="DeferredRenderPass.cpp">
      <Filter>Source Files\Graphics\Objects\RenderPass</Filter>
    </ClCompile>
    <ClCompile Include="Image.cpp">
      <Filter>Source Files\Graphics\Objects\Images</Filter>
    </ClCompile>
    <ClCompile Include="Texture.cpp">
      <Filter>Source Files\Graphics\Objects\Images</Filter>
    </ClCompile>
    <ClCompile Include="WinKeyboard.cpp">
      <Filter>Source Files\Input</Filter>
    </ClCompile>
    <ClCompile Include="Input.cpp">
      <Filter>Source Files\Input</Filter>
    </ClCompile>
    <ClCompile Include="Clock.cpp">
      <Filter>Source Files\Time</Filter>
    </ClCompile>
    <ClCompile Include="ObjectManager.cpp">
      <Filter>Source Files</Filter>
    </ClCompile>
    <ClCompile Include="GameObject.cpp">
      <Filter>Source Files\Graphics\Objects</Filter>
    </ClCompile>
    <ClCompile Include="Camera.cpp">
      <Filter>Resource Files\Scripts\Core\Camera</Filter>
    </ClCompile>
    <ClCompile Include="UniformBuffer.cpp">
      <Filter>Source Files\Graphics\Objects\Buffers\UniformBuffer</Filter>
    </ClCompile>
    <ClCompile Include="ParticleRenderer.scr">
      <Filter>Resource Files\Scripts\Core\Rendering</Filter>
    </ClCompile>
  </ItemGroup>
  <ItemGroup>
    <ClInclude Include="VEngineDefs.h">
      <Filter>Resource Files</Filter>
    </ClInclude>
    <ClInclude Include="GameDefs.h">
      <Filter>Resource Files</Filter>
    </ClInclude>
    <ClInclude Include="GraphicsPhysicalDevice.h">
      <Filter>Header Files\Graphics\Dispatchable Handles</Filter>
    </ClInclude>
    <ClInclude Include="GraphicsLogicalDevice.h">
      <Filter>Header Files\Graphics\Dispatchable Handles</Filter>
    </ClInclude>
    <ClInclude Include="GraphicsInstance.h">
      <Filter>Header Files\Graphics\Dispatchable Handles</Filter>
    </ClInclude>
    <ClInclude Include="CommandPool.h">
      <Filter>Header Files\Graphics\Objects\Buffers\CommandBuffer</Filter>
    </ClInclude>
    <ClInclude Include="CommandBuffer.h">
      <Filter>Header Files\Graphics\Objects\Buffers\CommandBuffer</Filter>
    </ClInclude>
    <ClInclude Include="Win32Window.h">
      <Filter>Header Files\Graphics\Objects\Presentation</Filter>
    </ClInclude>
    <ClInclude Include="SwapChain.h">
      <Filter>Header Files\Graphics\Objects\Presentation</Filter>
    </ClInclude>
    <ClInclude Include="DescriptorPool.h">
      <Filter>Header Files\Graphics\Objects\DescriptorPool</Filter>
    </ClInclude>
    <ClInclude Include="Graphics.h">
      <Filter>Header Files\Graphics</Filter>
    </ClInclude>
    <ClInclude Include="Shader.h">
      <Filter>Header Files\Graphics\Objects\Shaders</Filter>
    </ClInclude>
    <ClInclude Include="Geometry.h">
      <Filter>Header Files\Graphics\Objects\Geometry</Filter>
    </ClInclude>
    <ClInclude Include="GPUBuffer.h">
      <Filter>Header Files\Graphics\Objects\Buffers</Filter>
    </ClInclude>
    <ClInclude Include="Material.h">
      <Filter>Header Files\Graphics\Objects\Shaders</Filter>
    </ClInclude>
    <ClInclude Include="RenderPass.h">
      <Filter>Header Files\Graphics\Objects\RenderPass</Filter>
    </ClInclude>
    <ClInclude Include="FrameBuffer.h">
      <Filter>Header Files\Graphics\Objects\Images\FrameBuffer</Filter>
    </ClInclude>
    <ClInclude Include="DeferredRenderPass.h">
      <Filter>Header Files\Graphics\Objects\RenderPass</Filter>
    </ClInclude>
    <ClInclude Include="GraphicsDefs.h">
      <Filter>Resource Files</Filter>
    </ClInclude>
    <ClInclude Include="Image.h">
      <Filter>Header Files\Graphics\Objects\Images</Filter>
    </ClInclude>
    <ClInclude Include="Texture.h">
      <Filter>Header Files\Graphics\Objects\Images</Filter>
    </ClInclude>
    <ClInclude Include="WinKeyboard.h">
      <Filter>Header Files\Input</Filter>
    </ClInclude>
    <ClInclude Include="Input.h">
      <Filter>Header Files\Input</Filter>
    </ClInclude>
    <ClInclude Include="Clock.h">
      <Filter>Header Files\Time</Filter>
    </ClInclude>
    <ClInclude Include="ObjectManager.h">
      <Filter>Header Files</Filter>
    </ClInclude>
    <ClInclude Include="GameObject.h">
      <Filter>Header Files\Graphics\Objects</Filter>
    </ClInclude>
    <ClInclude Include="Transform.h">
      <Filter>Resource Files\Scripts\Core\Physics</Filter>
    </ClInclude>
    <ClInclude Include="Component.h">
      <Filter>Header Files\Graphics\Objects</Filter>
    </ClInclude>
    <ClInclude Include="Camera.h">
      <Filter>Resource Files\Scripts\Core\Camera</Filter>
    </ClInclude>
    <ClInclude Include="Rotate.scr">
      <Filter>Resource Files\Scripts\Cube</Filter>
    </ClInclude>
    <ClInclude Include="UniformBuffer.h">
      <Filter>Header Files\Graphics\Objects\Buffers</Filter>
    </ClInclude>
  </ItemGroup>
  <ItemGroup>
    <None Include="Boid.scr">
      <Filter>Resource Files\Scripts\AI</Filter>
    </None>
    <None Include="FirstPersonControls.scr">
      <Filter>Resource Files\Scripts\Core\Camera</Filter>
    </None>
    <None Include="Particle.scr">
      <Filter>Resource Files\Scripts\Core\Particles</Filter>
    </None>
    <None Include="Renderer.scr">
      <Filter>Resource Files\Scripts\Core\Rendering</Filter>
    </None>
    <None Include="MeshRenderer.scr">
      <Filter>Resource Files\Scripts\Core\Rendering</Filter>
    </None>
    <None Include="ParticleEmitter.scr">
      <Filter>Resource Files\Scripts\Core\Particles</Filter>
    </None>
  </ItemGroup>
</Project>