<?xml version="1.0" encoding="utf-8"?>
<Project ToolsVersion="4.0" xmlns="http://schemas.microsoft.com/developer/msbuild/2003">
  <ItemGroup>
    <Filter Include="Source Files">
      <UniqueIdentifier>{4FC737F1-C7A5-4376-A066-2A32D752A2FF}</UniqueIdentifier>
      <Extensions>cpp;c;cc;cxx;def;odl;idl;hpj;bat;asm;asmx</Extensions>
    </Filter>
    <Filter Include="Header Files">
      <UniqueIdentifier>{93995380-89BD-4b04-88EB-625FBE52EBFB}</UniqueIdentifier>
      <Extensions>h;hh;hpp;hxx;hm;inl;inc;xsd</Extensions>
    </Filter>
    <Filter Include="Resource Files">
      <UniqueIdentifier>{67DA6AB6-F800-4c08-8B7A-83BB121AAD01}</UniqueIdentifier>
      <Extensions>rc;ico;cur;bmp;dlg;rc2;rct;bin;rgs;gif;jpg;jpeg;jpe;resx;tiff;tif;png;wav;mfcribbon-ms</Extensions>
    </Filter>
    <Filter Include="Header Files\OLDGraphics">
      <UniqueIdentifier>{ad5e881e-e0ef-4b2c-8adf-8dd48f0666ac}</UniqueIdentifier>
    </Filter>
    <Filter Include="Header Files\OLDGraphics\Backend">
      <UniqueIdentifier>{b2e358a7-3270-4674-a40e-ca90c1d9366b}</UniqueIdentifier>
    </Filter>
    <Filter Include="Source Files\OLDGraphics">
      <UniqueIdentifier>{4ec08f7a-b0dc-44b3-87fd-6b555b24169e}</UniqueIdentifier>
    </Filter>
    <Filter Include="Source Files\OLDGraphics\Backend">
      <UniqueIdentifier>{e917b9b6-19c6-4a41-bbc7-cf4fed203bb6}</UniqueIdentifier>
    </Filter>
    <Filter Include="Header Files\Graphics">
      <UniqueIdentifier>{64b0c3ca-c26a-4551-a396-58f023bd5b55}</UniqueIdentifier>
    </Filter>
    <Filter Include="Source Files\Graphics">
      <UniqueIdentifier>{d17458af-be1e-4425-bd7a-a219a64ef78e}</UniqueIdentifier>
    </Filter>
  </ItemGroup>
  <ItemGroup>
    <ClCompile Include="Source.cpp">
      <Filter>Source Files</Filter>
    </ClCompile>
    <ClCompile Include="Win32Window.cpp">
      <Filter>Source Files\OLDGraphics</Filter>
    </ClCompile>
    <ClCompile Include="RenderableGeometry.cpp">
      <Filter>Source Files\OLDGraphics</Filter>
    </ClCompile>
    <ClCompile Include="FrameBuffer.cpp">
      <Filter>Source Files\OLDGraphics</Filter>
    </ClCompile>
    <ClCompile Include="Material.cpp">
      <Filter>Source Files\OLDGraphics</Filter>
    </ClCompile>
    <ClCompile Include="RenderPass.cpp">
      <Filter>Source Files\OLDGraphics</Filter>
    </ClCompile>
    <ClCompile Include="GraphicsSystem.cpp">
      <Filter>Source Files\OLDGraphics\Backend</Filter>
    </ClCompile>
    <ClCompile Include="Swapchain.cpp">
      <Filter>Source Files\OLDGraphics\Backend</Filter>
    </ClCompile>
    <ClCompile Include="GraphicsInstance.cpp">
      <Filter>Source Files\Graphics</Filter>
    </ClCompile>
    <ClCompile Include="GraphicsPhysicalDevice.cpp">
      <Filter>Source Files\Graphics</Filter>
    </ClCompile>
    <ClCompile Include="GraphicsLogicalDevice.cpp">
      <Filter>Source Files\Graphics</Filter>
    </ClCompile>
    <ClCompile Include="Graphics.cpp">
      <Filter>Source Files</Filter>
    </ClCompile>
  </ItemGroup>
  <ItemGroup>
    <ClInclude Include="GraphicsDefs.h">
      <Filter>Header Files\OLDGraphics</Filter>
    </ClInclude>
    <ClInclude Include="Win32Window.h">
      <Filter>Header Files\OLDGraphics</Filter>
    </ClInclude>
    <ClInclude Include="RenderableGeometry.h">
      <Filter>Header Files\OLDGraphics</Filter>
    </ClInclude>
    <ClInclude Include="Material.h">
      <Filter>Header Files\OLDGraphics</Filter>
    </ClInclude>
    <ClInclude Include="FrameBuffer.h">
      <Filter>Header Files\OLDGraphics</Filter>
    </ClInclude>
    <ClInclude Include="RenderPass.h">
      <Filter>Header Files\OLDGraphics</Filter>
    </ClInclude>
    <ClInclude Include="Swapchain.h">
      <Filter>Header Files\OLDGraphics\Backend</Filter>
    </ClInclude>
    <ClInclude Include="GraphicsInstance.h">
      <Filter>Header Files\Graphics</Filter>
    </ClInclude>
    <ClInclude Include="VEngineDefs.h">
      <Filter>Resource Files</Filter>
    </ClInclude>
    <ClInclude Include="GameDefs.h">
      <Filter>Resource Files</Filter>
    </ClInclude>
    <ClInclude Include="GraphicsSystem.h">
      <Filter>Header Files\OLDGraphics\Backend</Filter>
    </ClInclude>
    <ClInclude Include="GraphicsPhysicalDevice.h">
      <Filter>Header Files\Graphics</Filter>
    </ClInclude>
    <ClInclude Include="GraphicsLogicalDevice.h">
      <Filter>Header Files\Graphics</Filter>
    </ClInclude>
    <ClInclude Include="Graphics.h">
      <Filter>Header Files</Filter>
    </ClInclude>
  </ItemGroup>
</Project>