<?xml version="1.0" encoding="utf-8"?>
<Project ToolsVersion="4.0" xmlns="http://schemas.microsoft.com/developer/msbuild/2003">
  <ItemGroup>
    <Filter Include="Source Files">
      <UniqueIdentifier>{4FC737F1-C7A5-4376-A066-2A32D752A2FF}</UniqueIdentifier>
      <Extensions>cpp;c;cc;cxx;def;odl;idl;hpj;bat;asm;asmx</Extensions>
    </Filter>
    <Filter Include="Header Files">
      <UniqueIdentifier>{93995380-89BD-4b04-88EB-625FBE52EBFB}</UniqueIdentifier>
      <Extensions>h;hh;hpp;hxx;hm;inl;inc;xsd</Extensions>
    </Filter>
    <Filter Include="Resource Files">
      <UniqueIdentifier>{67DA6AB6-F800-4c08-8B7A-83BB121AAD01}</UniqueIdentifier>
      <Extensions>rc;ico;cur;bmp;dlg;rc2;rct;bin;rgs;gif;jpg;jpeg;jpe;resx;tiff;tif;png;wav;mfcribbon-ms</Extensions>
    </Filter>
    <Filter Include="Header Files\Graphics">
      <UniqueIdentifier>{64b0c3ca-c26a-4551-a396-58f023bd5b55}</UniqueIdentifier>
    </Filter>
    <Filter Include="Source Files\Graphics">
      <UniqueIdentifier>{d17458af-be1e-4425-bd7a-a219a64ef78e}</UniqueIdentifier>
    </Filter>
    <Filter Include="Header Files\Graphics\Dispatchable Handles">
      <UniqueIdentifier>{a5f63a04-37c9-46d4-8739-0d1296e07dbe}</UniqueIdentifier>
    </Filter>
    <Filter Include="Header Files\Graphics\Objects">
      <UniqueIdentifier>{412fe146-86e6-4555-95b5-332e904a0351}</UniqueIdentifier>
    </Filter>
    <Filter Include="Source Files\Graphics\Dispatchable Handles">
      <UniqueIdentifier>{b7a8a625-3df3-4af7-90ee-5a3a9ccd5be4}</UniqueIdentifier>
    </Filter>
    <Filter Include="Source Files\Graphics\Objects">
      <UniqueIdentifier>{4bc1e97a-bb01-4e6e-ac22-6b183e18598e}</UniqueIdentifier>
    </Filter>
    <Filter Include="Header Files\Graphics\Objects\Shaders">
      <UniqueIdentifier>{c33899bf-876e-4b4b-9cb3-2bbda1e0b1e1}</UniqueIdentifier>
    </Filter>
    <Filter Include="Source Files\Graphics\Objects\Shaders">
      <UniqueIdentifier>{d5905017-e9de-4a98-90aa-223454b54ea1}</UniqueIdentifier>
    </Filter>
    <Filter Include="Header Files\Graphics\Objects\Presentation">
      <UniqueIdentifier>{24c1602e-239d-4141-8fce-b15d15e19d34}</UniqueIdentifier>
    </Filter>
    <Filter Include="Source Files\Graphics\Objects\Presentation">
      <UniqueIdentifier>{a68f612a-be5c-4fa4-a133-42f9f8fbd0e5}</UniqueIdentifier>
    </Filter>
    <Filter Include="Header Files\Graphics\Objects\UniformBuffer">
      <UniqueIdentifier>{bf8e1438-1061-439e-ad61-e05ab464453c}</UniqueIdentifier>
    </Filter>
    <Filter Include="Source Files\Graphics\Objects\UniformBuffer">
      <UniqueIdentifier>{f16e32f5-4a9b-4378-a2d3-6b8346a176b6}</UniqueIdentifier>
    </Filter>
    <Filter Include="Header Files\Graphics\Objects\Buffers">
      <UniqueIdentifier>{bc7e4b72-af05-4bbc-b462-7cebce60a8b7}</UniqueIdentifier>
    </Filter>
    <Filter Include="Header Files\Graphics\Objects\Buffers\CommandBuffer">
      <UniqueIdentifier>{b08830de-ee75-4d2e-83b9-52e193253ffe}</UniqueIdentifier>
    </Filter>
    <Filter Include="Source Files\Graphics\Objects\Buffers">
      <UniqueIdentifier>{bb777286-1e0a-4231-8dfb-2b1241bfa9f6}</UniqueIdentifier>
    </Filter>
    <Filter Include="Source Files\Graphics\Objects\Buffers\CommandBuffer">
      <UniqueIdentifier>{534bc7df-7aad-4e7d-8907-0f1b25035e1f}</UniqueIdentifier>
    </Filter>
    <Filter Include="Header Files\Graphics\Objects\Geometry">
      <UniqueIdentifier>{6561e7f9-2f1d-4bee-b2db-b3eead30bf0b}</UniqueIdentifier>
    </Filter>
    <Filter Include="Source Files\Graphics\Objects\Geometry">
      <UniqueIdentifier>{749c12f4-b924-4f4d-8f6e-8b611bdd73c6}</UniqueIdentifier>
    </Filter>
    <Filter Include="Header Files\Graphics\Objects\RenderPass">
      <UniqueIdentifier>{f19ee9e2-ab8c-4b36-9861-6997c5039df7}</UniqueIdentifier>
    </Filter>
    <Filter Include="Source Files\Graphics\Objects\RenderPass">
      <UniqueIdentifier>{5b169181-8451-4836-9fd8-486d8d4aeb9e}</UniqueIdentifier>
    </Filter>
    <Filter Include="Source Files\Graphics\Objects\Images">
      <UniqueIdentifier>{458ef351-a0f5-47f7-beea-886cda561bb8}</UniqueIdentifier>
    </Filter>
    <Filter Include="Source Files\Graphics\Objects\Images\FrameBuffer">
      <UniqueIdentifier>{5c60b489-e248-414b-98b2-120541086c73}</UniqueIdentifier>
    </Filter>
    <Filter Include="Header Files\Graphics\Objects\Images">
      <UniqueIdentifier>{8d707b88-8cf9-4231-bade-e6cea18c7005}</UniqueIdentifier>
    </Filter>
    <Filter Include="Header Files\Graphics\Objects\Images\FrameBuffer">
      <UniqueIdentifier>{4d378957-d9c8-4d93-937a-c3d701fc0fbc}</UniqueIdentifier>
    </Filter>
  </ItemGroup>
  <ItemGroup>
    <ClCompile Include="Source.cpp">
      <Filter>Source Files</Filter>
    </ClCompile>
    <ClCompile Include="Graphics.cpp">
      <Filter>Source Files\Graphics</Filter>
    </ClCompile>
    <ClCompile Include="GraphicsPhysicalDevice.cpp">
      <Filter>Source Files\Graphics\Dispatchable Handles</Filter>
    </ClCompile>
    <ClCompile Include="GraphicsInstance.cpp">
      <Filter>Source Files\Graphics\Dispatchable Handles</Filter>
    </ClCompile>
    <ClCompile Include="GraphicsLogicalDevice.cpp">
      <Filter>Source Files\Graphics\Dispatchable Handles</Filter>
    </ClCompile>
    <ClCompile Include="CommandPool.cpp">
      <Filter>Source Files\Graphics\Objects\Buffers\CommandBuffer</Filter>
    </ClCompile>
    <ClCompile Include="CommandBuffer.cpp">
      <Filter>Source Files\Graphics\Objects\Buffers\CommandBuffer</Filter>
    </ClCompile>
    <ClCompile Include="Win32Window.cpp">
      <Filter>Source Files\Graphics\Objects\Presentation</Filter>
    </ClCompile>
    <ClCompile Include="SwapChain.cpp">
      <Filter>Source Files\Graphics\Objects\Presentation</Filter>
    </ClCompile>
    <ClCompile Include="DescriptorPool.cpp">
      <Filter>Source Files\Graphics\Objects\UniformBuffer</Filter>
    </ClCompile>
    <ClCompile Include="Shader.cpp">
      <Filter>Source Files\Graphics\Objects\Shaders</Filter>
    </ClCompile>
    <ClCompile Include="Geometry.cpp">
      <Filter>Source Files\Graphics\Objects\Geometry</Filter>
    </ClCompile>
    <ClCompile Include="GPUBuffer.cpp">
      <Filter>Source Files\Graphics\Objects\Buffers</Filter>
    </ClCompile>
    <ClCompile Include="Material.cpp">
      <Filter>Source Files\Graphics\Objects\Shaders</Filter>
    </ClCompile>
    <ClCompile Include="RenderPass.cpp">
      <Filter>Source Files\Graphics\Objects\RenderPass</Filter>
    </ClCompile>
    <ClCompile Include="FrameBuffer.cpp">
      <Filter>Source Files\Graphics\Objects\Images\FrameBuffer</Filter>
    </ClCompile>
    <ClCompile Include="DeferredRenderPass.cpp">
      <Filter>Source Files\Graphics\Objects\RenderPass</Filter>
    </ClCompile>
    <ClCompile Include="RenderableObject.cpp">
      <Filter>Source Files\Graphics\Objects</Filter>
    </ClCompile>
    <ClCompile Include="Image.cpp">
      <Filter>Source Files\Graphics\Objects\Images</Filter>
    </ClCompile>
  </ItemGroup>
  <ItemGroup>
    <ClInclude Include="VEngineDefs.h">
      <Filter>Resource Files</Filter>
    </ClInclude>
    <ClInclude Include="GameDefs.h">
      <Filter>Resource Files</Filter>
    </ClInclude>
    <ClInclude Include="GraphicsPhysicalDevice.h">
      <Filter>Header Files\Graphics\Dispatchable Handles</Filter>
    </ClInclude>
    <ClInclude Include="GraphicsLogicalDevice.h">
      <Filter>Header Files\Graphics\Dispatchable Handles</Filter>
    </ClInclude>
    <ClInclude Include="GraphicsInstance.h">
      <Filter>Header Files\Graphics\Dispatchable Handles</Filter>
    </ClInclude>
    <ClInclude Include="CommandPool.h">
      <Filter>Header Files\Graphics\Objects\Buffers\CommandBuffer</Filter>
    </ClInclude>
    <ClInclude Include="CommandBuffer.h">
      <Filter>Header Files\Graphics\Objects\Buffers\CommandBuffer</Filter>
    </ClInclude>
    <ClInclude Include="Win32Window.h">
      <Filter>Header Files\Graphics\Objects\Presentation</Filter>
    </ClInclude>
    <ClInclude Include="SwapChain.h">
      <Filter>Header Files\Graphics\Objects\Presentation</Filter>
    </ClInclude>
    <ClInclude Include="DescriptorPool.h">
      <Filter>Header Files\Graphics\Objects\UniformBuffer</Filter>
    </ClInclude>
    <ClInclude Include="Graphics.h">
      <Filter>Header Files\Graphics</Filter>
    </ClInclude>
    <ClInclude Include="Shader.h">
      <Filter>Header Files\Graphics\Objects\Shaders</Filter>
    </ClInclude>
    <ClInclude Include="Geometry.h">
      <Filter>Header Files\Graphics\Objects\Geometry</Filter>
    </ClInclude>
    <ClInclude Include="GPUBuffer.h">
      <Filter>Header Files\Graphics\Objects\Buffers</Filter>
    </ClInclude>
    <ClInclude Include="Material.h">
      <Filter>Header Files\Graphics\Objects\Shaders</Filter>
    </ClInclude>
    <ClInclude Include="RenderPass.h">
      <Filter>Header Files\Graphics\Objects\RenderPass</Filter>
    </ClInclude>
    <ClInclude Include="FrameBuffer.h">
      <Filter>Header Files\Graphics\Objects\Images\FrameBuffer</Filter>
    </ClInclude>
    <ClInclude Include="DeferredRenderPass.h">
      <Filter>Header Files\Graphics\Objects\RenderPass</Filter>
    </ClInclude>
    <ClInclude Include="GraphicsDefs.h">
      <Filter>Resource Files</Filter>
    </ClInclude>
    <ClInclude Include="RenderableObject.h">
      <Filter>Header Files\Graphics\Objects</Filter>
    </ClInclude>
    <ClInclude Include="Image.h">
      <Filter>Header Files\Graphics\Objects\Images</Filter>
    </ClInclude>
  </ItemGroup>
</Project>